
Microsoft Visual Studio Solution File, Format Version 12.00
# Visual Studio 15
VisualStudioVersion = 15.0.27703.2000
MinimumVisualStudioVersion = 10.0.40219.1
Project("{FAE04EC0-301F-11D3-BF4B-00C04F79EFBC}") = "FI.PoC.LogicAppsConnector", "FI.PoC.LogicAppsConnector\FI.PoC.LogicAppsConnector.csproj", "{620DC601-C924-42DE-B3BC-A03CD6B9DA77}"
EndProject
Project("{FAE04EC0-301F-11D3-BF4B-00C04F79EFBC}") = "FI.PoC.LogicAppsConnector.Tests", "FI.PoC.LogicAppsConnector.Tests\FI.PoC.LogicAppsConnector.Tests.csproj", "{F8145E26-4C76-4959-A0BB-72D6B8628179}"
EndProject
Project("{FAE04EC0-301F-11D3-BF4B-00C04F79EFBC}") = "FI.PoC.CustomerPortal", "FI.PoC.CustomerPortal\FI.PoC.CustomerPortal.csproj", "{306B7F20-6DE2-46C6-BB82-C8AC88E7E6B2}"
EndProject
Global
	GlobalSection(SolutionConfigurationPlatforms) = preSolution
		Debug|Any CPU = Debug|Any CPU
		Release|Any CPU = Release|Any CPU
	EndGlobalSection
	GlobalSection(ProjectConfigurationPlatforms) = postSolution
		{620DC601-C924-42DE-B3BC-A03CD6B9DA77}.Debug|Any CPU.ActiveCfg = Debug|Any CPU
		{620DC601-C924-42DE-B3BC-A03CD6B9DA77}.Debug|Any CPU.Build.0 = Debug|Any CPU
		{620DC601-C924-42DE-B3BC-A03CD6B9DA77}.Release|Any CPU.ActiveCfg = Release|Any CPU
		{620DC601-C924-42DE-B3BC-A03CD6B9DA77}.Release|Any CPU.Build.0 = Release|Any CPU
		{F8145E26-4C76-4959-A0BB-72D6B8628179}.Debug|Any CPU.ActiveCfg = Debug|Any CPU
		{F8145E26-4C76-4959-A0BB-72D6B8628179}.Debug|Any CPU.Build.0 = Debug|Any CPU
		{F8145E26-4C76-4959-A0BB-72D6B8628179}.Release|Any CPU.ActiveCfg = Release|Any CPU
		{F8145E26-4C76-4959-A0BB-72D6B8628179}.Release|Any CPU.Build.0 = Release|Any CPU
		{306B7F20-6DE2-46C6-BB82-C8AC88E7E6B2}.Debug|Any CPU.ActiveCfg = Debug|Any CPU
		{306B7F20-6DE2-46C6-BB82-C8AC88E7E6B2}.Debug|Any CPU.Build.0 = Debug|Any CPU
		{306B7F20-6DE2-46C6-BB82-C8AC88E7E6B2}.Release|Any CPU.ActiveCfg = Release|Any CPU
		{306B7F20-6DE2-46C6-BB82-C8AC88E7E6B2}.Release|Any CPU.Build.0 = Release|Any CPU
	EndGlobalSection
	GlobalSection(SolutionProperties) = preSolution
		HideSolutionNode = FALSE
	EndGlobalSection
	GlobalSection(ExtensibilityGlobals) = postSolution
		SolutionGuid = {D071FAFB-CCBC-4041-AE25-8A052A2E330F}
	EndGlobalSection
EndGlobal
